
Microsoft Visual Studio Solution File, Format Version 12.00
# Visual Studio Version 17
VisualStudioVersion = 17.9.34622.214
MinimumVisualStudioVersion = 10.0.40219.1
Project("{FAE04EC0-301F-11D3-BF4B-00C04F79EFBC}") = "SchemaToCode", "SchemaToCode\SchemaToCode.csproj", "{19EBE207-C361-4A66-B0A0-3FB78E7BE9EF}"
EndProject
Project("{FAE04EC0-301F-11D3-BF4B-00C04F79EFBC}") = "Template.Api", "Template.Api\Template.Api.csproj", "{1C87EDFA-C4D3-4F81-AC4C-9C79BB698BC9}"
EndProject
Project("{FAE04EC0-301F-11D3-BF4B-00C04F79EFBC}") = "Template.Application", "Template.Application\Template.Application.csproj", "{EAA33B75-1148-4B4D-950E-F55F36CE186B}"
EndProject
Project("{FAE04EC0-301F-11D3-BF4B-00C04F79EFBC}") = "Template.Model", "Template.Model\Template.Model.csproj", "{AEE1A03E-56BE-4C0C-B3EF-A2BB0A99BDCA}"
EndProject
Project("{FAE04EC0-301F-11D3-BF4B-00C04F79EFBC}") = "Template.DatabaseFactory", "Template.DatabaseFactory\Template.DatabaseFactory.csproj", "{31527A82-B594-4644-8051-3B46A8F08A66}"
EndProject
Global
	GlobalSection(SolutionConfigurationPlatforms) = preSolution
		Debug|Any CPU = Debug|Any CPU
		Release|Any CPU = Release|Any CPU
	EndGlobalSection
	GlobalSection(ProjectConfigurationPlatforms) = postSolution
		{19EBE207-C361-4A66-B0A0-3FB78E7BE9EF}.Debug|Any CPU.ActiveCfg = Debug|Any CPU
		{19EBE207-C361-4A66-B0A0-3FB78E7BE9EF}.Debug|Any CPU.Build.0 = Debug|Any CPU
		{19EBE207-C361-4A66-B0A0-3FB78E7BE9EF}.Release|Any CPU.ActiveCfg = Release|Any CPU
		{19EBE207-C361-4A66-B0A0-3FB78E7BE9EF}.Release|Any CPU.Build.0 = Release|Any CPU
		{1C87EDFA-C4D3-4F81-AC4C-9C79BB698BC9}.Debug|Any CPU.ActiveCfg = Debug|Any CPU
		{1C87EDFA-C4D3-4F81-AC4C-9C79BB698BC9}.Debug|Any CPU.Build.0 = Debug|Any CPU
		{1C87EDFA-C4D3-4F81-AC4C-9C79BB698BC9}.Release|Any CPU.ActiveCfg = Release|Any CPU
		{1C87EDFA-C4D3-4F81-AC4C-9C79BB698BC9}.Release|Any CPU.Build.0 = Release|Any CPU
		{EAA33B75-1148-4B4D-950E-F55F36CE186B}.Debug|Any CPU.ActiveCfg = Debug|Any CPU
		{EAA33B75-1148-4B4D-950E-F55F36CE186B}.Debug|Any CPU.Build.0 = Debug|Any CPU
		{EAA33B75-1148-4B4D-950E-F55F36CE186B}.Release|Any CPU.ActiveCfg = Release|Any CPU
		{EAA33B75-1148-4B4D-950E-F55F36CE186B}.Release|Any CPU.Build.0 = Release|Any CPU
		{AEE1A03E-56BE-4C0C-B3EF-A2BB0A99BDCA}.Debug|Any CPU.ActiveCfg = Debug|Any CPU
		{AEE1A03E-56BE-4C0C-B3EF-A2BB0A99BDCA}.Debug|Any CPU.Build.0 = Debug|Any CPU
		{AEE1A03E-56BE-4C0C-B3EF-A2BB0A99BDCA}.Release|Any CPU.ActiveCfg = Release|Any CPU
		{AEE1A03E-56BE-4C0C-B3EF-A2BB0A99BDCA}.Release|Any CPU.Build.0 = Release|Any CPU
		{31527A82-B594-4644-8051-3B46A8F08A66}.Debug|Any CPU.ActiveCfg = Debug|Any CPU
		{31527A82-B594-4644-8051-3B46A8F08A66}.Debug|Any CPU.Build.0 = Debug|Any CPU
		{31527A82-B594-4644-8051-3B46A8F08A66}.Release|Any CPU.ActiveCfg = Release|Any CPU
		{31527A82-B594-4644-8051-3B46A8F08A66}.Release|Any CPU.Build.0 = Release|Any CPU
	EndGlobalSection
	GlobalSection(SolutionProperties) = preSolution
		HideSolutionNode = FALSE
	EndGlobalSection
	GlobalSection(ExtensibilityGlobals) = postSolution
		SolutionGuid = {6B535161-DCE7-40DA-86AB-F3A16A6BD64F}
	EndGlobalSection
EndGlobal
