
Microsoft Visual Studio Solution File, Format Version 12.00
# Visual Studio Version 18
VisualStudioVersion = 18.3.11222.16
MinimumVisualStudioVersion = 10.0.40219.1
Project("{FAE04EC0-301F-11D3-BF4B-00C04F79EFBC}") = "Template.Api", "src\Template.Api\Template.Api.csproj", "{1C87EDFA-C4D3-4F81-AC4C-9C79BB698BC9}"
EndProject
Project("{FAE04EC0-301F-11D3-BF4B-00C04F79EFBC}") = "Template.Application", "src\Template.Application\Template.Application.csproj", "{EAA33B75-1148-4B4D-950E-F55F36CE186B}"
EndProject
Project("{FAE04EC0-301F-11D3-BF4B-00C04F79EFBC}") = "Template.Model", "src\Template.Model\Template.Model.csproj", "{AEE1A03E-56BE-4C0C-B3EF-A2BB0A99BDCA}"
EndProject
Project("{FAE04EC0-301F-11D3-BF4B-00C04F79EFBC}") = "Template.DatabaseFactory", "src\Template.DatabaseFactory\Template.DatabaseFactory.csproj", "{31527A82-B594-4644-8051-3B46A8F08A66}"
EndProject
Project("{FAE04EC0-301F-11D3-BF4B-00C04F79EFBC}") = "Template.Repository", "src\Template.Repository\Template.Repository.csproj", "{8ACEB90C-D106-42FD-A579-4B8BAAC524AC}"
EndProject
Project("{FAE04EC0-301F-11D3-BF4B-00C04F79EFBC}") = "Template.Contract", "src\Template.Contract\Template.Contract.csproj", "{F9D45090-475D-43FC-9DFA-73DB170B0509}"
EndProject
Project("{FAE04EC0-301F-11D3-BF4B-00C04F79EFBC}") = "Template.Frontend", "src\Template.Frontend\Template.Frontend\Template.Frontend.csproj", "{AFF1C73C-64AA-4FD8-A0B1-81117641FE45}"
EndProject
Project("{FAE04EC0-301F-11D3-BF4B-00C04F79EFBC}") = "Template.Frontend.Client", "src\Template.Frontend\Template.Frontend.Client\Template.Frontend.Client.csproj", "{CB50E386-122D-486A-AC5D-12D6FEEB94B1}"
EndProject
Project("{FAE04EC0-301F-11D3-BF4B-00C04F79EFBC}") = "Template.Infrastructure", "src\Template.Infrastructure\Template.Infrastructure.csproj", "{56F1C5E1-7507-44E9-A743-03A78B28117A}"
EndProject
Project("{FAE04EC0-301F-11D3-BF4B-00C04F79EFBC}") = "Template.Security", "src\Template.Security\Template.Security.csproj", "{6002C8E2-A17B-41C5-B90F-37ECC229460E}"
EndProject
Project("{2150E333-8FDC-42A3-9474-1A3956D46DE8}") = "src", "src", "{B7C91231-2E4B-4584-A45F-9DE229F2D969}"
EndProject
Global
	GlobalSection(SolutionConfigurationPlatforms) = preSolution
		Debug|Any CPU = Debug|Any CPU
		Debug|x64 = Debug|x64
		Debug|x86 = Debug|x86
		Release|Any CPU = Release|Any CPU
		Release|x64 = Release|x64
		Release|x86 = Release|x86
	EndGlobalSection
	GlobalSection(ProjectConfigurationPlatforms) = postSolution
		{1C87EDFA-C4D3-4F81-AC4C-9C79BB698BC9}.Debug|Any CPU.ActiveCfg = Debug|Any CPU
		{1C87EDFA-C4D3-4F81-AC4C-9C79BB698BC9}.Debug|Any CPU.Build.0 = Debug|Any CPU
		{1C87EDFA-C4D3-4F81-AC4C-9C79BB698BC9}.Debug|x64.ActiveCfg = Debug|Any CPU
		{1C87EDFA-C4D3-4F81-AC4C-9C79BB698BC9}.Debug|x64.Build.0 = Debug|Any CPU
		{1C87EDFA-C4D3-4F81-AC4C-9C79BB698BC9}.Debug|x86.ActiveCfg = Debug|Any CPU
		{1C87EDFA-C4D3-4F81-AC4C-9C79BB698BC9}.Debug|x86.Build.0 = Debug|Any CPU
		{1C87EDFA-C4D3-4F81-AC4C-9C79BB698BC9}.Release|Any CPU.ActiveCfg = Release|Any CPU
		{1C87EDFA-C4D3-4F81-AC4C-9C79BB698BC9}.Release|Any CPU.Build.0 = Release|Any CPU
		{1C87EDFA-C4D3-4F81-AC4C-9C79BB698BC9}.Release|x64.ActiveCfg = Release|Any CPU
		{1C87EDFA-C4D3-4F81-AC4C-9C79BB698BC9}.Release|x64.Build.0 = Release|Any CPU
		{1C87EDFA-C4D3-4F81-AC4C-9C79BB698BC9}.Release|x86.ActiveCfg = Release|Any CPU
		{1C87EDFA-C4D3-4F81-AC4C-9C79BB698BC9}.Release|x86.Build.0 = Release|Any CPU
		{EAA33B75-1148-4B4D-950E-F55F36CE186B}.Debug|Any CPU.ActiveCfg = Debug|Any CPU
		{EAA33B75-1148-4B4D-950E-F55F36CE186B}.Debug|Any CPU.Build.0 = Debug|Any CPU
		{EAA33B75-1148-4B4D-950E-F55F36CE186B}.Debug|x64.ActiveCfg = Debug|Any CPU
		{EAA33B75-1148-4B4D-950E-F55F36CE186B}.Debug|x64.Build.0 = Debug|Any CPU
		{EAA33B75-1148-4B4D-950E-F55F36CE186B}.Debug|x86.ActiveCfg = Debug|Any CPU
		{EAA33B75-1148-4B4D-950E-F55F36CE186B}.Debug|x86.Build.0 = Debug|Any CPU
		{EAA33B75-1148-4B4D-950E-F55F36CE186B}.Release|Any CPU.ActiveCfg = Release|Any CPU
		{EAA33B75-1148-4B4D-950E-F55F36CE186B}.Release|Any CPU.Build.0 = Release|Any CPU
		{EAA33B75-1148-4B4D-950E-F55F36CE186B}.Release|x64.ActiveCfg = Release|Any CPU
		{EAA33B75-1148-4B4D-950E-F55F36CE186B}.Release|x64.Build.0 = Release|Any CPU
		{EAA33B75-1148-4B4D-950E-F55F36CE186B}.Release|x86.ActiveCfg = Release|Any CPU
		{EAA33B75-1148-4B4D-950E-F55F36CE186B}.Release|x86.Build.0 = Release|Any CPU
		{AEE1A03E-56BE-4C0C-B3EF-A2BB0A99BDCA}.Debug|Any CPU.ActiveCfg = Debug|Any CPU
		{AEE1A03E-56BE-4C0C-B3EF-A2BB0A99BDCA}.Debug|Any CPU.Build.0 = Debug|Any CPU
		{AEE1A03E-56BE-4C0C-B3EF-A2BB0A99BDCA}.Debug|x64.ActiveCfg = Debug|Any CPU
		{AEE1A03E-56BE-4C0C-B3EF-A2BB0A99BDCA}.Debug|x64.Build.0 = Debug|Any CPU
		{AEE1A03E-56BE-4C0C-B3EF-A2BB0A99BDCA}.Debug|x86.ActiveCfg = Debug|Any CPU
		{AEE1A03E-56BE-4C0C-B3EF-A2BB0A99BDCA}.Debug|x86.Build.0 = Debug|Any CPU
		{AEE1A03E-56BE-4C0C-B3EF-A2BB0A99BDCA}.Release|Any CPU.ActiveCfg = Release|Any CPU
		{AEE1A03E-56BE-4C0C-B3EF-A2BB0A99BDCA}.Release|Any CPU.Build.0 = Release|Any CPU
		{AEE1A03E-56BE-4C0C-B3EF-A2BB0A99BDCA}.Release|x64.ActiveCfg = Release|Any CPU
		{AEE1A03E-56BE-4C0C-B3EF-A2BB0A99BDCA}.Release|x64.Build.0 = Release|Any CPU
		{AEE1A03E-56BE-4C0C-B3EF-A2BB0A99BDCA}.Release|x86.ActiveCfg = Release|Any CPU
		{AEE1A03E-56BE-4C0C-B3EF-A2BB0A99BDCA}.Release|x86.Build.0 = Release|Any CPU
		{31527A82-B594-4644-8051-3B46A8F08A66}.Debug|Any CPU.ActiveCfg = Debug|Any CPU
		{31527A82-B594-4644-8051-3B46A8F08A66}.Debug|Any CPU.Build.0 = Debug|Any CPU
		{31527A82-B594-4644-8051-3B46A8F08A66}.Debug|x64.ActiveCfg = Debug|Any CPU
		{31527A82-B594-4644-8051-3B46A8F08A66}.Debug|x64.Build.0 = Debug|Any CPU
		{31527A82-B594-4644-8051-3B46A8F08A66}.Debug|x86.ActiveCfg = Debug|Any CPU
		{31527A82-B594-4644-8051-3B46A8F08A66}.Debug|x86.Build.0 = Debug|Any CPU
		{31527A82-B594-4644-8051-3B46A8F08A66}.Release|Any CPU.ActiveCfg = Release|Any CPU
		{31527A82-B594-4644-8051-3B46A8F08A66}.Release|Any CPU.Build.0 = Release|Any CPU
		{31527A82-B594-4644-8051-3B46A8F08A66}.Release|x64.ActiveCfg = Release|Any CPU
		{31527A82-B594-4644-8051-3B46A8F08A66}.Release|x64.Build.0 = Release|Any CPU
		{31527A82-B594-4644-8051-3B46A8F08A66}.Release|x86.ActiveCfg = Release|Any CPU
		{31527A82-B594-4644-8051-3B46A8F08A66}.Release|x86.Build.0 = Release|Any CPU
		{8ACEB90C-D106-42FD-A579-4B8BAAC524AC}.Debug|Any CPU.ActiveCfg = Debug|Any CPU
		{8ACEB90C-D106-42FD-A579-4B8BAAC524AC}.Debug|Any CPU.Build.0 = Debug|Any CPU
		{8ACEB90C-D106-42FD-A579-4B8BAAC524AC}.Debug|x64.ActiveCfg = Debug|Any CPU
		{8ACEB90C-D106-42FD-A579-4B8BAAC524AC}.Debug|x64.Build.0 = Debug|Any CPU
		{8ACEB90C-D106-42FD-A579-4B8BAAC524AC}.Debug|x86.ActiveCfg = Debug|Any CPU
		{8ACEB90C-D106-42FD-A579-4B8BAAC524AC}.Debug|x86.Build.0 = Debug|Any CPU
		{8ACEB90C-D106-42FD-A579-4B8BAAC524AC}.Release|Any CPU.ActiveCfg = Release|Any CPU
		{8ACEB90C-D106-42FD-A579-4B8BAAC524AC}.Release|Any CPU.Build.0 = Release|Any CPU
		{8ACEB90C-D106-42FD-A579-4B8BAAC524AC}.Release|x64.ActiveCfg = Release|Any CPU
		{8ACEB90C-D106-42FD-A579-4B8BAAC524AC}.Release|x64.Build.0 = Release|Any CPU
		{8ACEB90C-D106-42FD-A579-4B8BAAC524AC}.Release|x86.ActiveCfg = Release|Any CPU
		{8ACEB90C-D106-42FD-A579-4B8BAAC524AC}.Release|x86.Build.0 = Release|Any CPU
		{F9D45090-475D-43FC-9DFA-73DB170B0509}.Debug|Any CPU.ActiveCfg = Debug|Any CPU
		{F9D45090-475D-43FC-9DFA-73DB170B0509}.Debug|Any CPU.Build.0 = Debug|Any CPU
		{F9D45090-475D-43FC-9DFA-73DB170B0509}.Debug|x64.ActiveCfg = Debug|Any CPU
		{F9D45090-475D-43FC-9DFA-73DB170B0509}.Debug|x64.Build.0 = Debug|Any CPU
		{F9D45090-475D-43FC-9DFA-73DB170B0509}.Debug|x86.ActiveCfg = Debug|Any CPU
		{F9D45090-475D-43FC-9DFA-73DB170B0509}.Debug|x86.Build.0 = Debug|Any CPU
		{F9D45090-475D-43FC-9DFA-73DB170B0509}.Release|Any CPU.ActiveCfg = Release|Any CPU
		{F9D45090-475D-43FC-9DFA-73DB170B0509}.Release|Any CPU.Build.0 = Release|Any CPU
		{F9D45090-475D-43FC-9DFA-73DB170B0509}.Release|x64.ActiveCfg = Release|Any CPU
		{F9D45090-475D-43FC-9DFA-73DB170B0509}.Release|x64.Build.0 = Release|Any CPU
		{F9D45090-475D-43FC-9DFA-73DB170B0509}.Release|x86.ActiveCfg = Release|Any CPU
		{F9D45090-475D-43FC-9DFA-73DB170B0509}.Release|x86.Build.0 = Release|Any CPU
		{AFF1C73C-64AA-4FD8-A0B1-81117641FE45}.Debug|Any CPU.ActiveCfg = Debug|Any CPU
		{AFF1C73C-64AA-4FD8-A0B1-81117641FE45}.Debug|Any CPU.Build.0 = Debug|Any CPU
		{AFF1C73C-64AA-4FD8-A0B1-81117641FE45}.Debug|x64.ActiveCfg = Debug|Any CPU
		{AFF1C73C-64AA-4FD8-A0B1-81117641FE45}.Debug|x64.Build.0 = Debug|Any CPU
		{AFF1C73C-64AA-4FD8-A0B1-81117641FE45}.Debug|x86.ActiveCfg = Debug|Any CPU
		{AFF1C73C-64AA-4FD8-A0B1-81117641FE45}.Debug|x86.Build.0 = Debug|Any CPU
		{AFF1C73C-64AA-4FD8-A0B1-81117641FE45}.Release|Any CPU.ActiveCfg = Release|Any CPU
		{AFF1C73C-64AA-4FD8-A0B1-81117641FE45}.Release|Any CPU.Build.0 = Release|Any CPU
		{AFF1C73C-64AA-4FD8-A0B1-81117641FE45}.Release|x64.ActiveCfg = Release|Any CPU
		{AFF1C73C-64AA-4FD8-A0B1-81117641FE45}.Release|x64.Build.0 = Release|Any CPU
		{AFF1C73C-64AA-4FD8-A0B1-81117641FE45}.Release|x86.ActiveCfg = Release|Any CPU
		{AFF1C73C-64AA-4FD8-A0B1-81117641FE45}.Release|x86.Build.0 = Release|Any CPU
		{CB50E386-122D-486A-AC5D-12D6FEEB94B1}.Debug|Any CPU.ActiveCfg = Debug|Any CPU
		{CB50E386-122D-486A-AC5D-12D6FEEB94B1}.Debug|Any CPU.Build.0 = Debug|Any CPU
		{CB50E386-122D-486A-AC5D-12D6FEEB94B1}.Debug|x64.ActiveCfg = Debug|Any CPU
		{CB50E386-122D-486A-AC5D-12D6FEEB94B1}.Debug|x64.Build.0 = Debug|Any CPU
		{CB50E386-122D-486A-AC5D-12D6FEEB94B1}.Debug|x86.ActiveCfg = Debug|Any CPU
		{CB50E386-122D-486A-AC5D-12D6FEEB94B1}.Debug|x86.Build.0 = Debug|Any CPU
		{CB50E386-122D-486A-AC5D-12D6FEEB94B1}.Release|Any CPU.ActiveCfg = Release|Any CPU
		{CB50E386-122D-486A-AC5D-12D6FEEB94B1}.Release|Any CPU.Build.0 = Release|Any CPU
		{CB50E386-122D-486A-AC5D-12D6FEEB94B1}.Release|x64.ActiveCfg = Release|Any CPU
		{CB50E386-122D-486A-AC5D-12D6FEEB94B1}.Release|x64.Build.0 = Release|Any CPU
		{CB50E386-122D-486A-AC5D-12D6FEEB94B1}.Release|x86.ActiveCfg = Release|Any CPU
		{CB50E386-122D-486A-AC5D-12D6FEEB94B1}.Release|x86.Build.0 = Release|Any CPU
		{56F1C5E1-7507-44E9-A743-03A78B28117A}.Debug|Any CPU.ActiveCfg = Debug|Any CPU
		{56F1C5E1-7507-44E9-A743-03A78B28117A}.Debug|Any CPU.Build.0 = Debug|Any CPU
		{56F1C5E1-7507-44E9-A743-03A78B28117A}.Debug|x64.ActiveCfg = Debug|Any CPU
		{56F1C5E1-7507-44E9-A743-03A78B28117A}.Debug|x64.Build.0 = Debug|Any CPU
		{56F1C5E1-7507-44E9-A743-03A78B28117A}.Debug|x86.ActiveCfg = Debug|Any CPU
		{56F1C5E1-7507-44E9-A743-03A78B28117A}.Debug|x86.Build.0 = Debug|Any CPU
		{56F1C5E1-7507-44E9-A743-03A78B28117A}.Release|Any CPU.ActiveCfg = Release|Any CPU
		{56F1C5E1-7507-44E9-A743-03A78B28117A}.Release|Any CPU.Build.0 = Release|Any CPU
		{56F1C5E1-7507-44E9-A743-03A78B28117A}.Release|x64.ActiveCfg = Release|Any CPU
		{56F1C5E1-7507-44E9-A743-03A78B28117A}.Release|x64.Build.0 = Release|Any CPU
		{56F1C5E1-7507-44E9-A743-03A78B28117A}.Release|x86.ActiveCfg = Release|Any CPU
		{56F1C5E1-7507-44E9-A743-03A78B28117A}.Release|x86.Build.0 = Release|Any CPU
		{6002C8E2-A17B-41C5-B90F-37ECC229460E}.Debug|Any CPU.ActiveCfg = Debug|Any CPU
		{6002C8E2-A17B-41C5-B90F-37ECC229460E}.Debug|Any CPU.Build.0 = Debug|Any CPU
		{6002C8E2-A17B-41C5-B90F-37ECC229460E}.Debug|x64.ActiveCfg = Debug|Any CPU
		{6002C8E2-A17B-41C5-B90F-37ECC229460E}.Debug|x64.Build.0 = Debug|Any CPU
		{6002C8E2-A17B-41C5-B90F-37ECC229460E}.Debug|x86.ActiveCfg = Debug|Any CPU
		{6002C8E2-A17B-41C5-B90F-37ECC229460E}.Debug|x86.Build.0 = Debug|Any CPU
		{6002C8E2-A17B-41C5-B90F-37ECC229460E}.Release|Any CPU.ActiveCfg = Release|Any CPU
		{6002C8E2-A17B-41C5-B90F-37ECC229460E}.Release|Any CPU.Build.0 = Release|Any CPU
		{6002C8E2-A17B-41C5-B90F-37ECC229460E}.Release|x64.ActiveCfg = Release|Any CPU
		{6002C8E2-A17B-41C5-B90F-37ECC229460E}.Release|x64.Build.0 = Release|Any CPU
		{6002C8E2-A17B-41C5-B90F-37ECC229460E}.Release|x86.ActiveCfg = Release|Any CPU
		{6002C8E2-A17B-41C5-B90F-37ECC229460E}.Release|x86.Build.0 = Release|Any CPU
	EndGlobalSection
	GlobalSection(SolutionProperties) = preSolution
		HideSolutionNode = FALSE
	EndGlobalSection
	GlobalSection(NestedProjects) = preSolution
		{1C87EDFA-C4D3-4F81-AC4C-9C79BB698BC9} = {B7C91231-2E4B-4584-A45F-9DE229F2D969}
		{EAA33B75-1148-4B4D-950E-F55F36CE186B} = {B7C91231-2E4B-4584-A45F-9DE229F2D969}
		{AEE1A03E-56BE-4C0C-B3EF-A2BB0A99BDCA} = {B7C91231-2E4B-4584-A45F-9DE229F2D969}
		{31527A82-B594-4644-8051-3B46A8F08A66} = {B7C91231-2E4B-4584-A45F-9DE229F2D969}
		{8ACEB90C-D106-42FD-A579-4B8BAAC524AC} = {B7C91231-2E4B-4584-A45F-9DE229F2D969}
		{F9D45090-475D-43FC-9DFA-73DB170B0509} = {B7C91231-2E4B-4584-A45F-9DE229F2D969}
		{AFF1C73C-64AA-4FD8-A0B1-81117641FE45} = {B7C91231-2E4B-4584-A45F-9DE229F2D969}
		{CB50E386-122D-486A-AC5D-12D6FEEB94B1} = {B7C91231-2E4B-4584-A45F-9DE229F2D969}
		{56F1C5E1-7507-44E9-A743-03A78B28117A} = {B7C91231-2E4B-4584-A45F-9DE229F2D969}
		{6002C8E2-A17B-41C5-B90F-37ECC229460E} = {B7C91231-2E4B-4584-A45F-9DE229F2D969}
	EndGlobalSection
	GlobalSection(ExtensibilityGlobals) = postSolution
		SolutionGuid = {6B535161-DCE7-40DA-86AB-F3A16A6BD64F}
	EndGlobalSection
EndGlobal
